
Microsoft Visual Studio Solution File, Format Version 12.00
# Visual Studio 14
VisualStudioVersion = 14.0.24720.0
MinimumVisualStudioVersion = 10.0.40219.1
Project("{FAE04EC0-301F-11D3-BF4B-00C04F79EFBC}") = "ChaosRpcLib", "ChaosRpcLib\ChaosRpcLib.csproj", "{AE495435-7842-4FB9-BBA1-74DA48106FBD}"
EndProject
Project("{FAE04EC0-301F-11D3-BF4B-00C04F79EFBC}") = "ChaosRpcTest", "ChaosRpcTest\ChaosRpcTest.csproj", "{9FF21E29-E2F9-4456-8ECF-3CCFCD9BE916}"
EndProject
Global
	GlobalSection(SolutionConfigurationPlatforms) = preSolution
		Debug|Any CPU = Debug|Any CPU
		Release|Any CPU = Release|Any CPU
	EndGlobalSection
	GlobalSection(ProjectConfigurationPlatforms) = postSolution
		{AE495435-7842-4FB9-BBA1-74DA48106FBD}.Debug|Any CPU.ActiveCfg = Debug|Any CPU
		{AE495435-7842-4FB9-BBA1-74DA48106FBD}.Debug|Any CPU.Build.0 = Debug|Any CPU
		{AE495435-7842-4FB9-BBA1-74DA48106FBD}.Release|Any CPU.ActiveCfg = Release|Any CPU
		{AE495435-7842-4FB9-BBA1-74DA48106FBD}.Release|Any CPU.Build.0 = Release|Any CPU
		{9FF21E29-E2F9-4456-8ECF-3CCFCD9BE916}.Debug|Any CPU.ActiveCfg = Debug|Any CPU
		{9FF21E29-E2F9-4456-8ECF-3CCFCD9BE916}.Debug|Any CPU.Build.0 = Debug|Any CPU
		{9FF21E29-E2F9-4456-8ECF-3CCFCD9BE916}.Release|Any CPU.ActiveCfg = Release|Any CPU
		{9FF21E29-E2F9-4456-8ECF-3CCFCD9BE916}.Release|Any CPU.Build.0 = Release|Any CPU
	EndGlobalSection
	GlobalSection(SolutionProperties) = preSolution
		HideSolutionNode = FALSE
	EndGlobalSection
EndGlobal
